// !$*UTF8*$!
{
	archiveVersion = 1;
	classes = {
	};
	objectVersion = 46;
	objects = {

/* Begin PBXBuildFile section */
		FC5EBE431E68D53F0020DE64 /* main.swift in Sources */ = {isa = PBXBuildFile; fileRef = FC5EBE421E68D53F0020DE64 /* main.swift */; };
		FC5EBE461E68D57B0020DE64 /* ColladaMorphAdjuster.swift in Sources */ = {isa = PBXBuildFile; fileRef = FC5EBE441E68D57B0020DE64 /* ColladaMorphAdjuster.swift */; };
		FC5EBE471E68D57B0020DE64 /* Extensions.swift in Sources */ = {isa = PBXBuildFile; fileRef = FC5EBE451E68D57B0020DE64 /* Extensions.swift */; };
		FC5EBE4B1E6CEB790020DE64 /* ColladaTest.dae in Resources */ = {isa = PBXBuildFile; fileRef = FC5EBE4A1E6CEB790020DE64 /* ColladaTest.dae */; settings = {ATTRIBUTES = ("--decompress", ); }; };
		FC5EBE991E6E06660020DE64 /* ColladaMorphAdjusterTests.swift in Sources */ = {isa = PBXBuildFile; fileRef = FC5EBE481E6A4BD70020DE64 /* ColladaMorphAdjusterTests.swift */; };
		FC5EBE9A1E6E08C90020DE64 /* ColladaMorphAdjuster.swift in Sources */ = {isa = PBXBuildFile; fileRef = FC5EBE441E68D57B0020DE64 /* ColladaMorphAdjuster.swift */; };
		FC5EBE9B1E6E08C90020DE64 /* Extensions.swift in Sources */ = {isa = PBXBuildFile; fileRef = FC5EBE451E68D57B0020DE64 /* Extensions.swift */; };
		FC5EBE9D1E6E1EC10020DE64 /* ExtensionsTest.swift in Sources */ = {isa = PBXBuildFile; fileRef = FC5EBE9C1E6E1EC10020DE64 /* ExtensionsTest.swift */; };
/* End PBXBuildFile section */

/* Begin PBXContainerItemProxy section */
		FC5EBE501E6DEF320020DE64 /* PBXContainerItemProxy */ = {
			isa = PBXContainerItemProxy;
			containerPortal = FC5EBE231E68D4660020DE64 /* Project object */;
			proxyType = 1;
			remoteGlobalIDString = FC5EBE2A1E68D4660020DE64;
			remoteInfo = ColladaMorphAdjuster;
		};
/* End PBXContainerItemProxy section */

/* Begin PBXCopyFilesBuildPhase section */
		FC5EBE291E68D4660020DE64 /* CopyFiles */ = {
			isa = PBXCopyFilesBuildPhase;
			buildActionMask = 2147483647;
			dstPath = /usr/share/man/man1/;
			dstSubfolderSpec = 0;
			files = (
			);
			runOnlyForDeploymentPostprocessing = 1;
		};
/* End PBXCopyFilesBuildPhase section */

/* Begin PBXFileReference section */
		FC5EBE2B1E68D4660020DE64 /* ColladaMorphAdjuster */ = {isa = PBXFileReference; explicitFileType = "compiled.mach-o.executable"; includeInIndex = 0; path = ColladaMorphAdjuster; sourceTree = BUILT_PRODUCTS_DIR; };
		FC5EBE391E68D47B0020DE64 /* ColladaMorphAdjusterTests.xctest */ = {isa = PBXFileReference; explicitFileType = wrapper.cfbundle; includeInIndex = 0; path = ColladaMorphAdjusterTests.xctest; sourceTree = BUILT_PRODUCTS_DIR; };
		FC5EBE421E68D53F0020DE64 /* main.swift */ = {isa = PBXFileReference; fileEncoding = 4; lastKnownFileType = sourcecode.swift; name = main.swift; path = SOURCE/main.swift; sourceTree = "<group>"; };
		FC5EBE441E68D57B0020DE64 /* ColladaMorphAdjuster.swift */ = {isa = PBXFileReference; fileEncoding = 4; lastKnownFileType = sourcecode.swift; name = ColladaMorphAdjuster.swift; path = SOURCE/ColladaMorphAdjuster.swift; sourceTree = "<group>"; };
		FC5EBE451E68D57B0020DE64 /* Extensions.swift */ = {isa = PBXFileReference; fileEncoding = 4; lastKnownFileType = sourcecode.swift; name = Extensions.swift; path = SOURCE/Extensions.swift; sourceTree = "<group>"; };
		FC5EBE481E6A4BD70020DE64 /* ColladaMorphAdjusterTests.swift */ = {isa = PBXFileReference; fileEncoding = 4; lastKnownFileType = sourcecode.swift; path = ColladaMorphAdjusterTests.swift; sourceTree = "<group>"; };
		FC5EBE4A1E6CEB790020DE64 /* ColladaTest.dae */ = {isa = PBXFileReference; fileEncoding = 4; lastKnownFileType = text.xml.dae; path = ColladaTest.dae; sourceTree = "<group>"; };
		FC5EBE4E1E6DEC530020DE64 /* smile.jpg */ = {isa = PBXFileReference; lastKnownFileType = image.jpeg; path = smile.jpg; sourceTree = "<group>"; };
		FC5EBE9C1E6E1EC10020DE64 /* ExtensionsTest.swift */ = {isa = PBXFileReference; fileEncoding = 4; lastKnownFileType = sourcecode.swift; path = ExtensionsTest.swift; sourceTree = "<group>"; };
/* End PBXFileReference section */

/* Begin PBXFrameworksBuildPhase section */
		FC5EBE281E68D4660020DE64 /* Frameworks */ = {
			isa = PBXFrameworksBuildPhase;
			buildActionMask = 2147483647;
			files = (
			);
			runOnlyForDeploymentPostprocessing = 0;
		};
		FC5EBE361E68D47B0020DE64 /* Frameworks */ = {
			isa = PBXFrameworksBuildPhase;
			buildActionMask = 2147483647;
			files = (
			);
			runOnlyForDeploymentPostprocessing = 0;
		};
/* End PBXFrameworksBuildPhase section */

/* Begin PBXGroup section */
		FC5EBE221E68D4660020DE64 = {
			isa = PBXGroup;
			children = (
				FC5EBE411E68D50E0020DE64 /* SOURCE */,
				FC5EBE3A1E68D47B0020DE64 /* TESTS */,
				FC5EBE2C1E68D4660020DE64 /* Products */,
			);
			sourceTree = "<group>";
		};
		FC5EBE2C1E68D4660020DE64 /* Products */ = {
			isa = PBXGroup;
			children = (
				FC5EBE2B1E68D4660020DE64 /* ColladaMorphAdjuster */,
				FC5EBE391E68D47B0020DE64 /* ColladaMorphAdjusterTests.xctest */,
			);
			name = Products;
			sourceTree = "<group>";
		};
		FC5EBE3A1E68D47B0020DE64 /* TESTS */ = {
			isa = PBXGroup;
			children = (
				FC5EBE9E1E6E1ED30020DE64 /* resources */,
				FC5EBE481E6A4BD70020DE64 /* ColladaMorphAdjusterTests.swift */,
				FC5EBE9C1E6E1EC10020DE64 /* ExtensionsTest.swift */,
			);
			path = TESTS;
			sourceTree = "<group>";
		};
		FC5EBE411E68D50E0020DE64 /* SOURCE */ = {
			isa = PBXGroup;
			children = (
				FC5EBE441E68D57B0020DE64 /* ColladaMorphAdjuster.swift */,
				FC5EBE451E68D57B0020DE64 /* Extensions.swift */,
				FC5EBE421E68D53F0020DE64 /* main.swift */,
			);
			name = SOURCE;
			sourceTree = "<group>";
		};
		FC5EBE9E1E6E1ED30020DE64 /* resources */ = {
			isa = PBXGroup;
			children = (
				FC5EBE4E1E6DEC530020DE64 /* smile.jpg */,
				FC5EBE4A1E6CEB790020DE64 /* ColladaTest.dae */,
			);
			name = resources;
			sourceTree = "<group>";
		};
/* End PBXGroup section */

/* Begin PBXNativeTarget section */
		FC5EBE2A1E68D4660020DE64 /* ColladaMorphAdjuster */ = {
			isa = PBXNativeTarget;
			buildConfigurationList = FC5EBE321E68D4660020DE64 /* Build configuration list for PBXNativeTarget "ColladaMorphAdjuster" */;
			buildPhases = (
				FC5EBE271E68D4660020DE64 /* Sources */,
				FC5EBE281E68D4660020DE64 /* Frameworks */,
				FC5EBE291E68D4660020DE64 /* CopyFiles */,
			);
			buildRules = (
			);
			dependencies = (
			);
			name = ColladaMorphAdjuster;
			productName = ColladaMorphAdjuster;
			productReference = FC5EBE2B1E68D4660020DE64 /* ColladaMorphAdjuster */;
			productType = "com.apple.product-type.tool";
		};
		FC5EBE381E68D47B0020DE64 /* ColladaMorphAdjusterTests */ = {
			isa = PBXNativeTarget;
			buildConfigurationList = FC5EBE3E1E68D47B0020DE64 /* Build configuration list for PBXNativeTarget "ColladaMorphAdjusterTests" */;
			buildPhases = (
				FC5EBE351E68D47B0020DE64 /* Sources */,
				FC5EBE361E68D47B0020DE64 /* Frameworks */,
				FC5EBE371E68D47B0020DE64 /* Resources */,
			);
			buildRules = (
			);
			dependencies = (
				FC5EBE511E6DEF320020DE64 /* PBXTargetDependency */,
			);
			name = ColladaMorphAdjusterTests;
			productName = TESTS;
			productReference = FC5EBE391E68D47B0020DE64 /* ColladaMorphAdjusterTests.xctest */;
			productType = "com.apple.product-type.bundle.unit-test";
		};
/* End PBXNativeTarget section */

/* Begin PBXProject section */
		FC5EBE231E68D4660020DE64 /* Project object */ = {
			isa = PBXProject;
			attributes = {
				LastSwiftUpdateCheck = 0830;
				LastUpgradeCheck = 0830;
				ORGANIZATIONNAME = "Jonathan Allee";
				TargetAttributes = {
					FC5EBE2A1E68D4660020DE64 = {
						CreatedOnToolsVersion = 8.3;
						DevelopmentTeam = 4V6JCNLB92;
						LastSwiftMigration = 0830;
						ProvisioningStyle = Automatic;
					};
					FC5EBE381E68D47B0020DE64 = {
						CreatedOnToolsVersion = 8.3;
						DevelopmentTeam = 4V6JCNLB92;
						ProvisioningStyle = Automatic;
					};
				};
			};
			buildConfigurationList = FC5EBE261E68D4660020DE64 /* Build configuration list for PBXProject "ColladaMorphAdjuster" */;
			compatibilityVersion = "Xcode 3.2";
			developmentRegion = English;
			hasScannedForEncodings = 0;
			knownRegions = (
				English,
				en,
			);
			mainGroup = FC5EBE221E68D4660020DE64;
			productRefGroup = FC5EBE2C1E68D4660020DE64 /* Products */;
			projectDirPath = "";
			projectRoot = "";
			targets = (
				FC5EBE2A1E68D4660020DE64 /* ColladaMorphAdjuster */,
				FC5EBE381E68D47B0020DE64 /* ColladaMorphAdjusterTests */,
			);
		};
/* End PBXProject section */

/* Begin PBXResourcesBuildPhase section */
		FC5EBE371E68D47B0020DE64 /* Resources */ = {
			isa = PBXResourcesBuildPhase;
			buildActionMask = 2147483647;
			files = (
				FC5EBE4B1E6CEB790020DE64 /* ColladaTest.dae in Resources */,
			);
			runOnlyForDeploymentPostprocessing = 0;
		};
/* End PBXResourcesBuildPhase section */

/* Begin PBXSourcesBuildPhase section */
		FC5EBE271E68D4660020DE64 /* Sources */ = {
			isa = PBXSourcesBuildPhase;
			buildActionMask = 2147483647;
			files = (
				FC5EBE431E68D53F0020DE64 /* main.swift in Sources */,
				FC5EBE471E68D57B0020DE64 /* Extensions.swift in Sources */,
				FC5EBE461E68D57B0020DE64 /* ColladaMorphAdjuster.swift in Sources */,
			);
			runOnlyForDeploymentPostprocessing = 0;
		};
		FC5EBE351E68D47B0020DE64 /* Sources */ = {
			isa = PBXSourcesBuildPhase;
			buildActionMask = 2147483647;
			files = (
				FC5EBE9A1E6E08C90020DE64 /* ColladaMorphAdjuster.swift in Sources */,
				FC5EBE9B1E6E08C90020DE64 /* Extensions.swift in Sources */,
				FC5EBE991E6E06660020DE64 /* ColladaMorphAdjusterTests.swift in Sources */,
				FC5EBE9D1E6E1EC10020DE64 /* ExtensionsTest.swift in Sources */,
			);
			runOnlyForDeploymentPostprocessing = 0;
		};
/* End PBXSourcesBuildPhase section */

/* Begin PBXTargetDependency section */
		FC5EBE511E6DEF320020DE64 /* PBXTargetDependency */ = {
			isa = PBXTargetDependency;
			target = FC5EBE2A1E68D4660020DE64 /* ColladaMorphAdjuster */;
			targetProxy = FC5EBE501E6DEF320020DE64 /* PBXContainerItemProxy */;
		};
/* End PBXTargetDependency section */

/* Begin XCBuildConfiguration section */
		FC5EBE301E68D4660020DE64 /* Debug */ = {
			isa = XCBuildConfiguration;
			buildSettings = {
				ALWAYS_SEARCH_USER_PATHS = NO;
				CLANG_ANALYZER_NONNULL = YES;
				CLANG_ANALYZER_NUMBER_OBJECT_CONVERSION = YES_AGGRESSIVE;
				CLANG_CXX_LANGUAGE_STANDARD = "gnu++0x";
				CLANG_CXX_LIBRARY = "libc++";
				CLANG_ENABLE_MODULES = YES;
				CLANG_ENABLE_OBJC_ARC = YES;
				CLANG_WARN_BOOL_CONVERSION = YES;
				CLANG_WARN_CONSTANT_CONVERSION = YES;
				CLANG_WARN_DIRECT_OBJC_ISA_USAGE = YES_ERROR;
				CLANG_WARN_DOCUMENTATION_COMMENTS = YES;
				CLANG_WARN_EMPTY_BODY = YES;
				CLANG_WARN_ENUM_CONVERSION = YES;
				CLANG_WARN_INFINITE_RECURSION = YES;
				CLANG_WARN_INT_CONVERSION = YES;
				CLANG_WARN_OBJC_ROOT_CLASS = YES_ERROR;
				CLANG_WARN_SUSPICIOUS_MOVE = YES;
				CLANG_WARN_UNREACHABLE_CODE = YES;
				CLANG_WARN__DUPLICATE_METHOD_MATCH = YES;
				CODE_SIGN_IDENTITY = "-";
				COPY_PHASE_STRIP = NO;
				DEBUG_INFORMATION_FORMAT = dwarf;
				ENABLE_STRICT_OBJC_MSGSEND = YES;
				ENABLE_TESTABILITY = YES;
				GCC_C_LANGUAGE_STANDARD = gnu99;
				GCC_DYNAMIC_NO_PIC = NO;
				GCC_NO_COMMON_BLOCKS = YES;
				GCC_OPTIMIZATION_LEVEL = 0;
				GCC_PREPROCESSOR_DEFINITIONS = (
					"DEBUG=1",
					"$(inherited)",
				);
				GCC_WARN_64_TO_32_BIT_CONVERSION = YES;
				GCC_WARN_ABOUT_RETURN_TYPE = YES_ERROR;
				GCC_WARN_UNDECLARED_SELECTOR = YES;
				GCC_WARN_UNINITIALIZED_AUTOS = YES_AGGRESSIVE;
				GCC_WARN_UNUSED_FUNCTION = YES;
				GCC_WARN_UNUSED_VARIABLE = YES;
				MACOSX_DEPLOYMENT_TARGET = 10.12;
				MTL_ENABLE_DEBUG_INFO = YES;
				ONLY_ACTIVE_ARCH = YES;
				SDKROOT = macosx;
				SWIFT_OPTIMIZATION_LEVEL = "-Onone";
			};
			name = Debug;
		};
		FC5EBE311E68D4660020DE64 /* Release */ = {
			isa = XCBuildConfiguration;
			buildSettings = {
				ALWAYS_SEARCH_USER_PATHS = NO;
				CLANG_ANALYZER_NONNULL = YES;
				CLANG_ANALYZER_NUMBER_OBJECT_CONVERSION = YES_AGGRESSIVE;
				CLANG_CXX_LANGUAGE_STANDARD = "gnu++0x";
				CLANG_CXX_LIBRARY = "libc++";
				CLANG_ENABLE_MODULES = YES;
				CLANG_ENABLE_OBJC_ARC = YES;
				CLANG_WARN_BOOL_CONVERSION = YES;
				CLANG_WARN_CONSTANT_CONVERSION = YES;
				CLANG_WARN_DIRECT_OBJC_ISA_USAGE = YES_ERROR;
				CLANG_WARN_DOCUMENTATION_COMMENTS = YES;
				CLANG_WARN_EMPTY_BODY = YES;
				CLANG_WARN_ENUM_CONVERSION = YES;
				CLANG_WARN_INFINITE_RECURSION = YES;
				CLANG_WARN_INT_CONVERSION = YES;
				CLANG_WARN_OBJC_ROOT_CLASS = YES_ERROR;
				CLANG_WARN_SUSPICIOUS_MOVE = YES;
				CLANG_WARN_UNREACHABLE_CODE = YES;
				CLANG_WARN__DUPLICATE_METHOD_MATCH = YES;
				CODE_SIGN_IDENTITY = "-";
				COPY_PHASE_STRIP = NO;
				DEBUG_INFORMATION_FORMAT = "dwarf-with-dsym";
				ENABLE_NS_ASSERTIONS = NO;
				ENABLE_STRICT_OBJC_MSGSEND = YES;
				GCC_C_LANGUAGE_STANDARD = gnu99;
				GCC_NO_COMMON_BLOCKS = YES;
				GCC_WARN_64_TO_32_BIT_CONVERSION = YES;
				GCC_WARN_ABOUT_RETURN_TYPE = YES_ERROR;
				GCC_WARN_UNDECLARED_SELECTOR = YES;
				GCC_WARN_UNINITIALIZED_AUTOS = YES_AGGRESSIVE;
				GCC_WARN_UNUSED_FUNCTION = YES;
				GCC_WARN_UNUSED_VARIABLE = YES;
				MACOSX_DEPLOYMENT_TARGET = 10.12;
				MTL_ENABLE_DEBUG_INFO = NO;
				SDKROOT = macosx;
			};
			name = Release;
		};
		FC5EBE331E68D4660020DE64 /* Debug */ = {
			isa = XCBuildConfiguration;
			buildSettings = {
				CLANG_ENABLE_MODULES = YES;
				DEVELOPMENT_TEAM = 4V6JCNLB92;
				GCC_SYMBOLS_PRIVATE_EXTERN = NO;
				LD_RUNPATH_SEARCH_PATHS = "$(inherited) @executable_path/../Frameworks @loader_path/../Frameworks";
				PRODUCT_NAME = "$(TARGET_NAME)";
				SWIFT_OPTIMIZATION_LEVEL = "-Onone";
				SWIFT_VERSION = 5.0;
			};
			name = Debug;
		};
		FC5EBE341E68D4660020DE64 /* Release */ = {
			isa = XCBuildConfiguration;
			buildSettings = {
				CLANG_ENABLE_MODULES = YES;
				DEVELOPMENT_TEAM = 4V6JCNLB92;
				GCC_SYMBOLS_PRIVATE_EXTERN = NO;
				LD_RUNPATH_SEARCH_PATHS = "$(inherited) @executable_path/../Frameworks @loader_path/../Frameworks";
				PRODUCT_NAME = "$(TARGET_NAME)";
				SWIFT_VERSION = 5.0;
			};
			name = Release;
		};
		FC5EBE3F1E68D47B0020DE64 /* Debug */ = {
			isa = XCBuildConfiguration;
			buildSettings = {
				BUNDLE_LOADER = "";
				COMBINE_HIDPI_IMAGES = YES;
				DEVELOPMENT_TEAM = 4V6JCNLB92;
				INFOPLIST_FILE = TESTS/Info.plist;
				LD_RUNPATH_SEARCH_PATHS = "$(inherited) @executable_path/../Frameworks @loader_path/../Frameworks";
				OTHER_LDFLAGS = "-v";
				PRODUCT_BUNDLE_IDENTIFIER = com.alleeobscura.TESTS;
				PRODUCT_NAME = "$(TARGET_NAME)";
				SWIFT_ACTIVE_COMPILATION_CONDITIONS = DEBUG;
				SWIFT_VERSION = 3.0;
				TEST_HOST = "";
			};
			name = Debug;
		};
		FC5EBE401E68D47B0020DE64 /* Release */ = {
			isa = XCBuildConfiguration;
			buildSettings = {
				BUNDLE_LOADER = "";
				COMBINE_HIDPI_IMAGES = YES;
				DEVELOPMENT_TEAM = 4V6JCNLB92;
				INFOPLIST_FILE = TESTS/Info.plist;
				LD_RUNPATH_SEARCH_PATHS = "$(inherited) @executable_path/../Frameworks @loader_path/../Frameworks";
				OTHER_LDFLAGS = "-v";
				PRODUCT_BUNDLE_IDENTIFIER = com.alleeobscura.TESTS;
				PRODUCT_NAME = "$(TARGET_NAME)";
				SWIFT_OPTIMIZATION_LEVEL = "-Owholemodule";
				SWIFT_VERSION = 3.0;
				TEST_HOST = "";
			};
			name = Release;
		};
/* End XCBuildConfiguration section */

/* Begin XCConfigurationList section */
		FC5EBE261E68D4660020DE64 /* Build configuration list for PBXProject "ColladaMorphAdjuster" */ = {
			isa = XCConfigurationList;
			buildConfigurations = (
				FC5EBE301E68D4660020DE64 /* Debug */,
				FC5EBE311E68D4660020DE64 /* Release */,
			);
			defaultConfigurationIsVisible = 0;
			defaultConfigurationName = Release;
		};
		FC5EBE321E68D4660020DE64 /* Build configuration list for PBXNativeTarget "ColladaMorphAdjuster" */ = {
			isa = XCConfigurationList;
			buildConfigurations = (
				FC5EBE331E68D4660020DE64 /* Debug */,
				FC5EBE341E68D4660020DE64 /* Release */,
			);
			defaultConfigurationIsVisible = 0;
			defaultConfigurationName = Release;
		};
		FC5EBE3E1E68D47B0020DE64 /* Build configuration list for PBXNativeTarget "ColladaMorphAdjusterTests" */ = {
			isa = XCConfigurationList;
			buildConfigurations = (
				FC5EBE3F1E68D47B0020DE64 /* Debug */,
				FC5EBE401E68D47B0020DE64 /* Release */,
			);
			defaultConfigurationIsVisible = 0;
			defaultConfigurationName = Release;
		};
/* End XCConfigurationList section */
	};
	rootObject = FC5EBE231E68D4660020DE64 /* Project object */;
}
